
Microsoft Visual Studio Solution File, Format Version 12.00
# Visual Studio Version 16
VisualStudioVersion = 16.0.34301.259
MinimumVisualStudioVersion = 10.0.40219.1
Project("{FAE04EC0-301F-11D3-BF4B-00C04F79EFBC}") = "RequestHeaderUnset", "RequestHeaderUnset.csproj", "{1CF22C34-B85B-40FE-BC3A-69E49691D461}"
EndProject
Global
	GlobalSection(SolutionConfigurationPlatforms) = preSolution
		Debug|Any CPU = Debug|Any CPU
		Release|Any CPU = Release|Any CPU
	EndGlobalSection
	GlobalSection(ProjectConfigurationPlatforms) = postSolution
		{1CF22C34-B85B-40FE-BC3A-69E49691D461}.Debug|Any CPU.ActiveCfg = Debug|Any CPU
		{1CF22C34-B85B-40FE-BC3A-69E49691D461}.Debug|Any CPU.Build.0 = Debug|Any CPU
		{1CF22C34-B85B-40FE-BC3A-69E49691D461}.Release|Any CPU.ActiveCfg = Release|Any CPU
		{1CF22C34-B85B-40FE-BC3A-69E49691D461}.Release|Any CPU.Build.0 = Release|Any CPU
	EndGlobalSection
	GlobalSection(SolutionProperties) = preSolution
		HideSolutionNode = FALSE
	EndGlobalSection
	GlobalSection(ExtensibilityGlobals) = postSolution
		SolutionGuid = {9FE967C5-8060-46EA-803D-DF905EDB729E}
	EndGlobalSection
EndGlobal
